
Microsoft Visual Studio Solution File, Format Version 12.00
# Visual Studio Version 16
VisualStudioVersion = 16.0.808.1
MinimumVisualStudioVersion = 10.0.40219.1
Project("{FAE04EC0-301F-11D3-BF4B-00C04F79EFBC}") = "todo3", "todo3\todo3.csproj", "{F072CEA3-2F66-4895-8640-EF9270686BD5}"
EndProject
Project("{FAE04EC0-301F-11D3-BF4B-00C04F79EFBC}") = "DataAccessLibrary", "DataAccessLibrary\DataAccessLibrary.csproj", "{64D7D814-C90A-4B77-A173-742C232C7DEA}"
EndProject
Global
	GlobalSection(SolutionConfigurationPlatforms) = preSolution
		Debug|Any CPU = Debug|Any CPU
		Release|Any CPU = Release|Any CPU
	EndGlobalSection
	GlobalSection(ProjectConfigurationPlatforms) = postSolution
		{F072CEA3-2F66-4895-8640-EF9270686BD5}.Debug|Any CPU.ActiveCfg = Debug|Any CPU
		{F072CEA3-2F66-4895-8640-EF9270686BD5}.Debug|Any CPU.Build.0 = Debug|Any CPU
		{F072CEA3-2F66-4895-8640-EF9270686BD5}.Release|Any CPU.ActiveCfg = Release|Any CPU
		{F072CEA3-2F66-4895-8640-EF9270686BD5}.Release|Any CPU.Build.0 = Release|Any CPU
		{64D7D814-C90A-4B77-A173-742C232C7DEA}.Debug|Any CPU.ActiveCfg = Debug|Any CPU
		{64D7D814-C90A-4B77-A173-742C232C7DEA}.Debug|Any CPU.Build.0 = Debug|Any CPU
		{64D7D814-C90A-4B77-A173-742C232C7DEA}.Release|Any CPU.ActiveCfg = Release|Any CPU
		{64D7D814-C90A-4B77-A173-742C232C7DEA}.Release|Any CPU.Build.0 = Release|Any CPU
	EndGlobalSection
	GlobalSection(SolutionProperties) = preSolution
		HideSolutionNode = FALSE
	EndGlobalSection
	GlobalSection(ExtensibilityGlobals) = postSolution
		SolutionGuid = {DD5B1EB1-C98C-4369-B4B0-23C5D9BF6B81}
	EndGlobalSection
EndGlobal
